# This file is automatically @generated by Cargo.
# It is not intended for manual editing.
version = 3

[[package]]
name = "goosling"
version = "0.1.0"
dependencies = [
 "limine",
 "numtoa",
]

[[package]]
name = "limine"
version = "0.1.6"
source = "registry+https://github.com/rust-lang/crates.io-index"
checksum = "9120d12266848e9f83a2d4f97b25e7280ce112335f2a02532b7697dd660c9cb5"

[[package]]
name = "numtoa"
version = "0.2.4"
source = "registry+https://github.com/rust-lang/crates.io-index"
checksum = "6aa2c4e539b869820a2b82e1aef6ff40aa85e65decdd5185e83fb4b1249cd00f"
